// !$*UTF8*$!
{
	archiveVersion = 1;
	classes = {
	};
	objectVersion = 77;
	objects = {

/* Begin PBXBuildFile section */
		8A17FD152E86C12100138FA2 /* SpriteKit.framework in Frameworks */ = {isa = PBXBuildFile; fileRef = 8A17FD142E86C12100138FA2 /* SpriteKit.framework */; };
/* End PBXBuildFile section */

/* Begin PBXContainerItemProxy section */
		8A17FCCD2E86B44D00138FA2 /* PBXContainerItemProxy */ = {
			isa = PBXContainerItemProxy;
			containerPortal = 8A17FCB42E86B44C00138FA2 /* Project object */;
			proxyType = 1;
			remoteGlobalIDString = 8A17FCBB2E86B44C00138FA2;
			remoteInfo = cosmicduel;
		};
		8A17FCD72E86B44D00138FA2 /* PBXContainerItemProxy */ = {
			isa = PBXContainerItemProxy;
			containerPortal = 8A17FCB42E86B44C00138FA2 /* Project object */;
			proxyType = 1;
			remoteGlobalIDString = 8A17FCBB2E86B44C00138FA2;
			remoteInfo = cosmicduel;
		};
/* End PBXContainerItemProxy section */

/* Begin PBXFileReference section */
		8A17FCBC2E86B44C00138FA2 /* cosmicduel.app */ = {isa = PBXFileReference; explicitFileType = wrapper.application; includeInIndex = 0; path = cosmicduel.app; sourceTree = BUILT_PRODUCTS_DIR; };
		8A17FCCC2E86B44D00138FA2 /* cosmicduelTests.xctest */ = {isa = PBXFileReference; explicitFileType = wrapper.cfbundle; includeInIndex = 0; path = cosmicduelTests.xctest; sourceTree = BUILT_PRODUCTS_DIR; };
		8A17FCD62E86B44D00138FA2 /* cosmicduelUITests.xctest */ = {isa = PBXFileReference; explicitFileType = wrapper.cfbundle; includeInIndex = 0; path = cosmicduelUITests.xctest; sourceTree = BUILT_PRODUCTS_DIR; };
		8A17FD142E86C12100138FA2 /* SpriteKit.framework */ = {isa = PBXFileReference; lastKnownFileType = wrapper.framework; name = SpriteKit.framework; path = System/Library/Frameworks/SpriteKit.framework; sourceTree = SDKROOT; };
/* End PBXFileReference section */

/* Begin PBXFileSystemSynchronizedRootGroup section */
		8A17FCBE2E86B44C00138FA2 /* cosmicduel */ = {
			isa = PBXFileSystemSynchronizedRootGroup;
			path = cosmicduel;
			sourceTree = "<group>";
		};
		8A17FCCF2E86B44D00138FA2 /* cosmicduelTests */ = {
			isa = PBXFileSystemSynchronizedRootGroup;
			path = cosmicduelTests;
			sourceTree = "<group>";
		};
		8A17FCD92E86B44D00138FA2 /* cosmicduelUITests */ = {
			isa = PBXFileSystemSynchronizedRootGroup;
			path = cosmicduelUITests;
			sourceTree = "<group>";
		};
/* End PBXFileSystemSynchronizedRootGroup section */

/* Begin PBXFrameworksBuildPhase section */
		8A17FCB92E86B44C00138FA2 /* Frameworks */ = {
			isa = PBXFrameworksBuildPhase;
			buildActionMask = 2147483647;
			files = (
				8A17FD152E86C12100138FA2 /* SpriteKit.framework in Frameworks */,
			);
			runOnlyForDeploymentPostprocessing = 0;
		};
		8A17FCC92E86B44D00138FA2 /* Frameworks */ = {
			isa = PBXFrameworksBuildPhase;
			buildActionMask = 2147483647;
			files = (
			);
			runOnlyForDeploymentPostprocessing = 0;
		};
		8A17FCD32E86B44D00138FA2 /* Frameworks */ = {
			isa = PBXFrameworksBuildPhase;
			buildActionMask = 2147483647;
			files = (
			);
			runOnlyForDeploymentPostprocessing = 0;
		};
/* End PBXFrameworksBuildPhase section */

/* Begin PBXGroup section */
		8A17FCB32E86B44C00138FA2 = {
			isa = PBXGroup;
			children = (
				8A17FCBE2E86B44C00138FA2 /* cosmicduel */,
				8A17FCCF2E86B44D00138FA2 /* cosmicduelTests */,
				8A17FCD92E86B44D00138FA2 /* cosmicduelUITests */,
				8A17FD132E86C12100138FA2 /* Frameworks */,
				8A17FCBD2E86B44C00138FA2 /* Products */,
			);
			sourceTree = "<group>";
		};
		8A17FCBD2E86B44C00138FA2 /* Products */ = {
			isa = PBXGroup;
			children = (
				8A17FCBC2E86B44C00138FA2 /* cosmicduel.app */,
				8A17FCCC2E86B44D00138FA2 /* cosmicduelTests.xctest */,
				8A17FCD62E86B44D00138FA2 /* cosmicduelUITests.xctest */,
			);
			name = Products;
			sourceTree = "<group>";
		};
		8A17FD132E86C12100138FA2 /* Frameworks */ = {
			isa = PBXGroup;
			children = (
				8A17FD142E86C12100138FA2 /* SpriteKit.framework */,
			);
			name = Frameworks;
			sourceTree = "<group>";
		};
/* End PBXGroup section */

/* Begin PBXNativeTarget section */
		8A17FCBB2E86B44C00138FA2 /* cosmicduel */ = {
			isa = PBXNativeTarget;
			buildConfigurationList = 8A17FCE02E86B44D00138FA2 /* Build configuration list for PBXNativeTarget "cosmicduel" */;
			buildPhases = (
				8A17FCB82E86B44C00138FA2 /* Sources */,
				8A17FCB92E86B44C00138FA2 /* Frameworks */,
				8A17FCBA2E86B44C00138FA2 /* Resources */,
			);
			buildRules = (
			);
			dependencies = (
			);
			fileSystemSynchronizedGroups = (
				8A17FCBE2E86B44C00138FA2 /* cosmicduel */,
			);
			name = cosmicduel;
			packageProductDependencies = (
			);
			productName = cosmicduel;
			productReference = 8A17FCBC2E86B44C00138FA2 /* cosmicduel.app */;
			productType = "com.apple.product-type.application";
		};
		8A17FCCB2E86B44D00138FA2 /* cosmicduelTests */ = {
			isa = PBXNativeTarget;
			buildConfigurationList = 8A17FCE32E86B44D00138FA2 /* Build configuration list for PBXNativeTarget "cosmicduelTests" */;
			buildPhases = (
				8A17FCC82E86B44D00138FA2 /* Sources */,
				8A17FCC92E86B44D00138FA2 /* Frameworks */,
				8A17FCCA2E86B44D00138FA2 /* Resources */,
			);
			buildRules = (
			);
			dependencies = (
				8A17FCCE2E86B44D00138FA2 /* PBXTargetDependency */,
			);
			fileSystemSynchronizedGroups = (
				8A17FCCF2E86B44D00138FA2 /* cosmicduelTests */,
			);
			name = cosmicduelTests;
			packageProductDependencies = (
			);
			productName = cosmicduelTests;
			productReference = 8A17FCCC2E86B44D00138FA2 /* cosmicduelTests.xctest */;
			productType = "com.apple.product-type.bundle.unit-test";
		};
		8A17FCD52E86B44D00138FA2 /* cosmicduelUITests */ = {
			isa = PBXNativeTarget;
			buildConfigurationList = 8A17FCE62E86B44D00138FA2 /* Build configuration list for PBXNativeTarget "cosmicduelUITests" */;
			buildPhases = (
				8A17FCD22E86B44D00138FA2 /* Sources */,
				8A17FCD32E86B44D00138FA2 /* Frameworks */,
				8A17FCD42E86B44D00138FA2 /* Resources */,
			);
			buildRules = (
			);
			dependencies = (
				8A17FCD82E86B44D00138FA2 /* PBXTargetDependency */,
			);
			fileSystemSynchronizedGroups = (
				8A17FCD92E86B44D00138FA2 /* cosmicduelUITests */,
			);
			name = cosmicduelUITests;
			packageProductDependencies = (
			);
			productName = cosmicduelUITests;
			productReference = 8A17FCD62E86B44D00138FA2 /* cosmicduelUITests.xctest */;
			productType = "com.apple.product-type.bundle.ui-testing";
		};
/* End PBXNativeTarget section */

/* Begin PBXProject section */
		8A17FCB42E86B44C00138FA2 /* Project object */ = {
			isa = PBXProject;
			attributes = {
				BuildIndependentTargetsInParallel = 1;
				LastSwiftUpdateCheck = 1600;
				LastUpgradeCheck = 1600;
				TargetAttributes = {
					8A17FCBB2E86B44C00138FA2 = {
						CreatedOnToolsVersion = 16.0;
					};
					8A17FCCB2E86B44D00138FA2 = {
						CreatedOnToolsVersion = 16.0;
						TestTargetID = 8A17FCBB2E86B44C00138FA2;
					};
					8A17FCD52E86B44D00138FA2 = {
						CreatedOnToolsVersion = 16.0;
						TestTargetID = 8A17FCBB2E86B44C00138FA2;
					};
				};
			};
			buildConfigurationList = 8A17FCB72E86B44C00138FA2 /* Build configuration list for PBXProject "cosmicduel" */;
			developmentRegion = en;
			hasScannedForEncodings = 0;
			knownRegions = (
				en,
				Base,
			);
			mainGroup = 8A17FCB32E86B44C00138FA2;
			minimizedProjectReferenceProxies = 1;
			preferredProjectObjectVersion = 77;
			productRefGroup = 8A17FCBD2E86B44C00138FA2 /* Products */;
			projectDirPath = "";
			projectRoot = "";
			targets = (
				8A17FCBB2E86B44C00138FA2 /* cosmicduel */,
				8A17FCCB2E86B44D00138FA2 /* cosmicduelTests */,
				8A17FCD52E86B44D00138FA2 /* cosmicduelUITests */,
			);
		};
/* End PBXProject section */

/* Begin PBXResourcesBuildPhase section */
		8A17FCBA2E86B44C00138FA2 /* Resources */ = {
			isa = PBXResourcesBuildPhase;
			buildActionMask = 2147483647;
			files = (
			);
			runOnlyForDeploymentPostprocessing = 0;
		};
		8A17FCCA2E86B44D00138FA2 /* Resources */ = {
			isa = PBXResourcesBuildPhase;
			buildActionMask = 2147483647;
			files = (
			);
			runOnlyForDeploymentPostprocessing = 0;
		};
		8A17FCD42E86B44D00138FA2 /* Resources */ = {
			isa = PBXResourcesBuildPhase;
			buildActionMask = 2147483647;
			files = (
			);
			runOnlyForDeploymentPostprocessing = 0;
		};
/* End PBXResourcesBuildPhase section */

/* Begin PBXSourcesBuildPhase section */
		8A17FCB82E86B44C00138FA2 /* Sources */ = {
			isa = PBXSourcesBuildPhase;
			buildActionMask = 2147483647;
			files = (
			);
			runOnlyForDeploymentPostprocessing = 0;
		};
		8A17FCC82E86B44D00138FA2 /* Sources */ = {
			isa = PBXSourcesBuildPhase;
			buildActionMask = 2147483647;
			files = (
			);
			runOnlyForDeploymentPostprocessing = 0;
		};
		8A17FCD22E86B44D00138FA2 /* Sources */ = {
			isa = PBXSourcesBuildPhase;
			buildActionMask = 2147483647;
			files = (
			);
			runOnlyForDeploymentPostprocessing = 0;
		};
/* End PBXSourcesBuildPhase section */

/* Begin PBXTargetDependency section */
		8A17FCCE2E86B44D00138FA2 /* PBXTargetDependency */ = {
			isa = PBXTargetDependency;
			target = 8A17FCBB2E86B44C00138FA2 /* cosmicduel */;
			targetProxy = 8A17FCCD2E86B44D00138FA2 /* PBXContainerItemProxy */;
		};
		8A17FCD82E86B44D00138FA2 /* PBXTargetDependency */ = {
			isa = PBXTargetDependency;
			target = 8A17FCBB2E86B44C00138FA2 /* cosmicduel */;
			targetProxy = 8A17FCD72E86B44D00138FA2 /* PBXContainerItemProxy */;
		};
/* End PBXTargetDependency section */

/* Begin XCBuildConfiguration section */
		8A17FCDE2E86B44D00138FA2 /* Debug */ = {
			isa = XCBuildConfiguration;
			buildSettings = {
				ALWAYS_SEARCH_USER_PATHS = NO;
				ASSETCATALOG_COMPILER_GENERATE_SWIFT_ASSET_SYMBOL_EXTENSIONS = YES;
				CLANG_ANALYZER_NONNULL = YES;
				CLANG_ANALYZER_NUMBER_OBJECT_CONVERSION = YES_AGGRESSIVE;
				CLANG_CXX_LANGUAGE_STANDARD = "gnu++20";
				CLANG_ENABLE_MODULES = YES;
				CLANG_ENABLE_OBJC_ARC = YES;
				CLANG_ENABLE_OBJC_WEAK = YES;
				CLANG_WARN_BLOCK_CAPTURE_AUTORELEASING = YES;
				CLANG_WARN_BOOL_CONVERSION = YES;
				CLANG_WARN_COMMA = YES;
				CLANG_WARN_CONSTANT_CONVERSION = YES;
				CLANG_WARN_DEPRECATED_OBJC_IMPLEMENTATIONS = YES;
				CLANG_WARN_DIRECT_OBJC_ISA_USAGE = YES_ERROR;
				CLANG_WARN_DOCUMENTATION_COMMENTS = YES;
				CLANG_WARN_EMPTY_BODY = YES;
				CLANG_WARN_ENUM_CONVERSION = YES;
				CLANG_WARN_INFINITE_RECURSION = YES;
				CLANG_WARN_INT_CONVERSION = YES;
				CLANG_WARN_NON_LITERAL_NULL_CONVERSION = YES;
				CLANG_WARN_OBJC_IMPLICIT_RETAIN_SELF = YES;
				CLANG_WARN_OBJC_LITERAL_CONVERSION = YES;
				CLANG_WARN_OBJC_ROOT_CLASS = YES_ERROR;
				CLANG_WARN_QUOTED_INCLUDE_IN_FRAMEWORK_HEADER = YES;
				CLANG_WARN_RANGE_LOOP_ANALYSIS = YES;
				CLANG_WARN_STRICT_PROTOTYPES = YES;
				CLANG_WARN_SUSPICIOUS_MOVE = YES;
				CLANG_WARN_UNGUARDED_AVAILABILITY = YES_AGGRESSIVE;
				CLANG_WARN_UNREACHABLE_CODE = YES;
				CLANG_WARN__DUPLICATE_METHOD_MATCH = YES;
				COPY_PHASE_STRIP = NO;
				DEBUG_INFORMATION_FORMAT = dwarf;
				ENABLE_STRICT_OBJC_MSGSEND = YES;
				ENABLE_TESTABILITY = YES;
				ENABLE_USER_SCRIPT_SANDBOXING = YES;
				GCC_C_LANGUAGE_STANDARD = gnu17;
				GCC_DYNAMIC_NO_PIC = NO;
				GCC_NO_COMMON_BLOCKS = YES;
				GCC_OPTIMIZATION_LEVEL = 0;
				GCC_PREPROCESSOR_DEFINITIONS = (
					"DEBUG=1",
					"$(inherited)",
				);
				GCC_WARN_64_TO_32_BIT_CONVERSION = YES;
				GCC_WARN_ABOUT_RETURN_TYPE = YES_ERROR;
				GCC_WARN_UNDECLARED_SELECTOR = YES;
				GCC_WARN_UNINITIALIZED_AUTOS = YES_AGGRESSIVE;
				GCC_WARN_UNUSED_FUNCTION = YES;
				GCC_WARN_UNUSED_VARIABLE = YES;
				IPHONEOS_DEPLOYMENT_TARGET = 18.0;
				LOCALIZATION_PREFERS_STRING_CATALOGS = YES;
				MTL_ENABLE_DEBUG_INFO = INCLUDE_SOURCE;
				MTL_FAST_MATH = YES;
				ONLY_ACTIVE_ARCH = YES;
				SDKROOT = iphoneos;
				SWIFT_ACTIVE_COMPILATION_CONDITIONS = "DEBUG $(inherited)";
				SWIFT_OPTIMIZATION_LEVEL = "-Onone";
			};
			name = Debug;
		};
		8A17FCDF2E86B44D00138FA2 /* Release */ = {
			isa = XCBuildConfiguration;
			buildSettings = {
				ALWAYS_SEARCH_USER_PATHS = NO;
				ASSETCATALOG_COMPILER_GENERATE_SWIFT_ASSET_SYMBOL_EXTENSIONS = YES;
				CLANG_ANALYZER_NONNULL = YES;
				CLANG_ANALYZER_NUMBER_OBJECT_CONVERSION = YES_AGGRESSIVE;
				CLANG_CXX_LANGUAGE_STANDARD = "gnu++20";
				CLANG_ENABLE_MODULES = YES;
				CLANG_ENABLE_OBJC_ARC = YES;
				CLANG_ENABLE_OBJC_WEAK = YES;
				CLANG_WARN_BLOCK_CAPTURE_AUTORELEASING = YES;
				CLANG_WARN_BOOL_CONVERSION = YES;
				CLANG_WARN_COMMA = YES;
				CLANG_WARN_CONSTANT_CONVERSION = YES;
				CLANG_WARN_DEPRECATED_OBJC_IMPLEMENTATIONS = YES;
				CLANG_WARN_DIRECT_OBJC_ISA_USAGE = YES_ERROR;
				CLANG_WARN_DOCUMENTATION_COMMENTS = YES;
				CLANG_WARN_EMPTY_BODY = YES;
				CLANG_WARN_ENUM_CONVERSION = YES;
				CLANG_WARN_INFINITE_RECURSION = YES;
				CLANG_WARN_INT_CONVERSION = YES;
				CLANG_WARN_NON_LITERAL_NULL_CONVERSION = YES;
				CLANG_WARN_OBJC_IMPLICIT_RETAIN_SELF = YES;
				CLANG_WARN_OBJC_LITERAL_CONVERSION = YES;
				CLANG_WARN_OBJC_ROOT_CLASS = YES_ERROR;
				CLANG_WARN_QUOTED_INCLUDE_IN_FRAMEWORK_HEADER = YES;
				CLANG_WARN_RANGE_LOOP_ANALYSIS = YES;
				CLANG_WARN_STRICT_PROTOTYPES = YES;
				CLANG_WARN_SUSPICIOUS_MOVE = YES;
				CLANG_WARN_UNGUARDED_AVAILABILITY = YES_AGGRESSIVE;
				CLANG_WARN_UNREACHABLE_CODE = YES;
				CLANG_WARN__DUPLICATE_METHOD_MATCH = YES;
				COPY_PHASE_STRIP = NO;
				DEBUG_INFORMATION_FORMAT = "dwarf-with-dsym";
				ENABLE_NS_ASSERTIONS = NO;
				ENABLE_STRICT_OBJC_MSGSEND = YES;
				ENABLE_USER_SCRIPT_SANDBOXING = YES;
				GCC_C_LANGUAGE_STANDARD = gnu17;
				GCC_NO_COMMON_BLOCKS = YES;
				GCC_WARN_64_TO_32_BIT_CONVERSION = YES;
				GCC_WARN_ABOUT_RETURN_TYPE = YES_ERROR;
				GCC_WARN_UNDECLARED_SELECTOR = YES;
				GCC_WARN_UNINITIALIZED_AUTOS = YES_AGGRESSIVE;
				GCC_WARN_UNUSED_FUNCTION = YES;
				GCC_WARN_UNUSED_VARIABLE = YES;
				IPHONEOS_DEPLOYMENT_TARGET = 18.0;
				LOCALIZATION_PREFERS_STRING_CATALOGS = YES;
				MTL_ENABLE_DEBUG_INFO = NO;
				MTL_FAST_MATH = YES;
				SDKROOT = iphoneos;
				SWIFT_COMPILATION_MODE = wholemodule;
				VALIDATE_PRODUCT = YES;
			};
			name = Release;
		};
		8A17FCE12E86B44D00138FA2 /* Debug */ = {
			isa = XCBuildConfiguration;
			buildSettings = {
				ASSETCATALOG_COMPILER_APPICON_NAME = AppIcon;
				ASSETCATALOG_COMPILER_GLOBAL_ACCENT_COLOR_NAME = AccentColor;
				CODE_SIGN_STYLE = Automatic;
				CURRENT_PROJECT_VERSION = 2;
				DEVELOPMENT_ASSET_PATHS = "\"cosmicduel/Preview Content\"";
				ENABLE_PREVIEWS = YES;
				GENERATE_INFOPLIST_FILE = YES;
				INFOPLIST_KEY_CFBundleDisplayName = "Pocket Glay";
				INFOPLIST_KEY_LSApplicationCategoryType = "public.app-category.games";
				INFOPLIST_KEY_UIApplicationSceneManifest_Generation = YES;
				INFOPLIST_KEY_UIApplicationSupportsIndirectInputEvents = YES;
				INFOPLIST_KEY_UILaunchScreen_Generation = YES;
				INFOPLIST_KEY_UISupportedInterfaceOrientations = "UIInterfaceOrientationLandscapeLeft UIInterfaceOrientationLandscapeRight UIInterfaceOrientationPortrait";
				INFOPLIST_KEY_UISupportedInterfaceOrientations_iPad = "UIInterfaceOrientationLandscapeLeft UIInterfaceOrientationLandscapeRight UIInterfaceOrientationPortrait UIInterfaceOrientationPortraitUpsideDown";
				IPHONEOS_DEPLOYMENT_TARGET = 17.0;
				LD_RUNPATH_SEARCH_PATHS = (
					"$(inherited)",
					"@executable_path/Frameworks",
				);
				MARKETING_VERSION = 1.1;
				PRODUCT_BUNDLE_IDENTIFIER = com.vavebalenteko.rocketduel;
				PRODUCT_NAME = "$(TARGET_NAME)";
				SUPPORTED_PLATFORMS = "iphoneos iphonesimulator";
				SUPPORTS_MACCATALYST = NO;
				SUPPORTS_MAC_DESIGNED_FOR_IPHONE_IPAD = NO;
				SUPPORTS_XR_DESIGNED_FOR_IPHONE_IPAD = NO;
				SWIFT_EMIT_LOC_STRINGS = YES;
				SWIFT_VERSION = 5.0;
				TARGETED_DEVICE_FAMILY = 1;
			};
			name = Debug;
		};
		8A17FCE22E86B44D00138FA2 /* Release */ = {
			isa = XCBuildConfiguration;
			buildSettings = {
				ASSETCATALOG_COMPILER_APPICON_NAME = AppIcon;
				ASSETCATALOG_COMPILER_GLOBAL_ACCENT_COLOR_NAME = AccentColor;
				CODE_SIGN_STYLE = Automatic;
				CURRENT_PROJECT_VERSION = 2;
				DEVELOPMENT_ASSET_PATHS = "\"cosmicduel/Preview Content\"";
				ENABLE_PREVIEWS = YES;
				GENERATE_INFOPLIST_FILE = YES;
				INFOPLIST_KEY_CFBundleDisplayName = "Pocket Glay";
				INFOPLIST_KEY_LSApplicationCategoryType = "public.app-category.games";
				INFOPLIST_KEY_UIApplicationSceneManifest_Generation = YES;
				INFOPLIST_KEY_UIApplicationSupportsIndirectInputEvents = YES;
				INFOPLIST_KEY_UILaunchScreen_Generation = YES;
				INFOPLIST_KEY_UISupportedInterfaceOrientations = "UIInterfaceOrientationLandscapeLeft UIInterfaceOrientationLandscapeRight UIInterfaceOrientationPortrait";
				INFOPLIST_KEY_UISupportedInterfaceOrientations_iPad = "UIInterfaceOrientationLandscapeLeft UIInterfaceOrientationLandscapeRight UIInterfaceOrientationPortrait UIInterfaceOrientationPortraitUpsideDown";
				IPHONEOS_DEPLOYMENT_TARGET = 17.0;
				LD_RUNPATH_SEARCH_PATHS = (
					"$(inherited)",
					"@executable_path/Frameworks",
				);
				MARKETING_VERSION = 1.1;
				PRODUCT_BUNDLE_IDENTIFIER = com.vavebalenteko.rocketduel;
				PRODUCT_NAME = "$(TARGET_NAME)";
				SUPPORTED_PLATFORMS = "iphoneos iphonesimulator";
				SUPPORTS_MACCATALYST = NO;
				SUPPORTS_MAC_DESIGNED_FOR_IPHONE_IPAD = NO;
				SUPPORTS_XR_DESIGNED_FOR_IPHONE_IPAD = NO;
				SWIFT_EMIT_LOC_STRINGS = YES;
				SWIFT_VERSION = 5.0;
				TARGETED_DEVICE_FAMILY = 1;
			};
			name = Release;
		};
		8A17FCE42E86B44D00138FA2 /* Debug */ = {
			isa = XCBuildConfiguration;
			buildSettings = {
				BUNDLE_LOADER = "$(TEST_HOST)";
				CODE_SIGN_STYLE = Automatic;
				CURRENT_PROJECT_VERSION = 1;
				GENERATE_INFOPLIST_FILE = YES;
				IPHONEOS_DEPLOYMENT_TARGET = 18.0;
				MARKETING_VERSION = 1.0;
				PRODUCT_BUNDLE_IDENTIFIER = com.vavebalenteko.rocketduelTests;
				PRODUCT_NAME = "$(TARGET_NAME)";
				SWIFT_EMIT_LOC_STRINGS = NO;
				SWIFT_VERSION = 5.0;
				TARGETED_DEVICE_FAMILY = "1,2";
				TEST_HOST = "$(BUILT_PRODUCTS_DIR)/cosmicduel.app/$(BUNDLE_EXECUTABLE_FOLDER_PATH)/cosmicduel";
			};
			name = Debug;
		};
		8A17FCE52E86B44D00138FA2 /* Release */ = {
			isa = XCBuildConfiguration;
			buildSettings = {
				BUNDLE_LOADER = "$(TEST_HOST)";
				CODE_SIGN_STYLE = Automatic;
				CURRENT_PROJECT_VERSION = 1;
				GENERATE_INFOPLIST_FILE = YES;
				IPHONEOS_DEPLOYMENT_TARGET = 18.0;
				MARKETING_VERSION = 1.0;
				PRODUCT_BUNDLE_IDENTIFIER = com.vavebalenteko.rocketduelTests;
				PRODUCT_NAME = "$(TARGET_NAME)";
				SWIFT_EMIT_LOC_STRINGS = NO;
				SWIFT_VERSION = 5.0;
				TARGETED_DEVICE_FAMILY = "1,2";
				TEST_HOST = "$(BUILT_PRODUCTS_DIR)/cosmicduel.app/$(BUNDLE_EXECUTABLE_FOLDER_PATH)/cosmicduel";
			};
			name = Release;
		};
		8A17FCE72E86B44D00138FA2 /* Debug */ = {
			isa = XCBuildConfiguration;
			buildSettings = {
				CODE_SIGN_STYLE = Automatic;
				CURRENT_PROJECT_VERSION = 1;
				GENERATE_INFOPLIST_FILE = YES;
				MARKETING_VERSION = 1.0;
				PRODUCT_BUNDLE_IDENTIFIER = com.vavebalenteko.rocketduelUITests;
				PRODUCT_NAME = "$(TARGET_NAME)";
				SWIFT_EMIT_LOC_STRINGS = NO;
				SWIFT_VERSION = 5.0;
				TARGETED_DEVICE_FAMILY = "1,2";
				TEST_TARGET_NAME = cosmicduel;
			};
			name = Debug;
		};
		8A17FCE82E86B44D00138FA2 /* Release */ = {
			isa = XCBuildConfiguration;
			buildSettings = {
				CODE_SIGN_STYLE = Automatic;
				CURRENT_PROJECT_VERSION = 1;
				GENERATE_INFOPLIST_FILE = YES;
				MARKETING_VERSION = 1.0;
				PRODUCT_BUNDLE_IDENTIFIER = com.vavebalenteko.rocketduelUITests;
				PRODUCT_NAME = "$(TARGET_NAME)";
				SWIFT_EMIT_LOC_STRINGS = NO;
				SWIFT_VERSION = 5.0;
				TARGETED_DEVICE_FAMILY = "1,2";
				TEST_TARGET_NAME = cosmicduel;
			};
			name = Release;
		};
/* End XCBuildConfiguration section */

/* Begin XCConfigurationList section */
		8A17FCB72E86B44C00138FA2 /* Build configuration list for PBXProject "cosmicduel" */ = {
			isa = XCConfigurationList;
			buildConfigurations = (
				8A17FCDE2E86B44D00138FA2 /* Debug */,
				8A17FCDF2E86B44D00138FA2 /* Release */,
			);
			defaultConfigurationIsVisible = 0;
			defaultConfigurationName = Release;
		};
		8A17FCE02E86B44D00138FA2 /* Build configuration list for PBXNativeTarget "cosmicduel" */ = {
			isa = XCConfigurationList;
			buildConfigurations = (
				8A17FCE12E86B44D00138FA2 /* Debug */,
				8A17FCE22E86B44D00138FA2 /* Release */,
			);
			defaultConfigurationIsVisible = 0;
			defaultConfigurationName = Release;
		};
		8A17FCE32E86B44D00138FA2 /* Build configuration list for PBXNativeTarget "cosmicduelTests" */ = {
			isa = XCConfigurationList;
			buildConfigurations = (
				8A17FCE42E86B44D00138FA2 /* Debug */,
				8A17FCE52E86B44D00138FA2 /* Release */,
			);
			defaultConfigurationIsVisible = 0;
			defaultConfigurationName = Release;
		};
		8A17FCE62E86B44D00138FA2 /* Build configuration list for PBXNativeTarget "cosmicduelUITests" */ = {
			isa = XCConfigurationList;
			buildConfigurations = (
				8A17FCE72E86B44D00138FA2 /* Debug */,
				8A17FCE82E86B44D00138FA2 /* Release */,
			);
			defaultConfigurationIsVisible = 0;
			defaultConfigurationName = Release;
		};
/* End XCConfigurationList section */
	};
	rootObject = 8A17FCB42E86B44C00138FA2 /* Project object */;
}
